
Microsoft Visual Studio Solution File, Format Version 12.00
# Visual Studio Version 17
VisualStudioVersion = 17.10.35013.160
MinimumVisualStudioVersion = 10.0.40219.1
Project("{FAE04EC0-301F-11D3-BF4B-00C04F79EFBC}") = "MVCCRUD", "MVCCRUD.csproj", "{7A60E81E-58AF-41C9-B341-E4DD05C25690}"
EndProject
Global
	GlobalSection(SolutionConfigurationPlatforms) = preSolution
		Debug|Any CPU = Debug|Any CPU
		Release|Any CPU = Release|Any CPU
	EndGlobalSection
	GlobalSection(ProjectConfigurationPlatforms) = postSolution
		{7A60E81E-58AF-41C9-B341-E4DD05C25690}.Debug|Any CPU.ActiveCfg = Debug|Any CPU
		{7A60E81E-58AF-41C9-B341-E4DD05C25690}.Debug|Any CPU.Build.0 = Debug|Any CPU
		{7A60E81E-58AF-41C9-B341-E4DD05C25690}.Release|Any CPU.ActiveCfg = Release|Any CPU
		{7A60E81E-58AF-41C9-B341-E4DD05C25690}.Release|Any CPU.Build.0 = Release|Any CPU
	EndGlobalSection
	GlobalSection(SolutionProperties) = preSolution
		HideSolutionNode = FALSE
	EndGlobalSection
	GlobalSection(ExtensibilityGlobals) = postSolution
		SolutionGuid = {5433B216-D8CF-496B-AE11-5F66B4E6D9BD}
	EndGlobalSection
EndGlobal
